[{
  "_id": {
    "$oid": "656fc8d358b9d6a71f2566e2"
  },
  "": "const express = require('express');"
},
{
  "_id": {
    "$oid": "656fc8d358b9d6a71f2566e3"
  },
  "": "const mongoose = require('mongoose');"
},
{
  "_id": {
    "$oid": "656fc8d358b9d6a71f2566e4"
  },
  "": "const bodyParser = require('body-parser');"
},
{
  "_id": {
    "$oid": "656fc8d358b9d6a71f2566e5"
  }
},
{
  "_id": {
    "$oid": "656fc8d358b9d6a71f2566e6"
  },
  "": "const app = express();"
},
{
  "_id": {
    "$oid": "656fc8d358b9d6a71f2566e7"
  },
  "": "const PORT = process.env.PORT || 3000;"
},
{
  "_id": {
    "$oid": "656fc8d358b9d6a71f2566e8"
  }
},
{
  "_id": {
    "$oid": "656fc8d358b9d6a71f2566e9"
  },
  "": "mongoose.connect('mongodb://localhost:27017/nome-do-seu-banco-de-dados'"
},
{
  "_id": {
    "$oid": "656fc8d358b9d6a71f2566ea"
  },
  "": "  useNewUrlParser: true"
},
{
  "_id": {
    "$oid": "656fc8d358b9d6a71f2566eb"
  },
  "": "  useUnifiedTopology: true"
},
{
  "_id": {
    "$oid": "656fc8d358b9d6a71f2566ec"
  },
  "": "});"
},
{
  "_id": {
    "$oid": "656fc8d358b9d6a71f2566ed"
  }
},
{
  "_id": {
    "$oid": "656fc8d358b9d6a71f2566ee"
  },
  "": "const db = mongoose.connection;"
},
{
  "_id": {
    "$oid": "656fc8d358b9d6a71f2566ef"
  },
  "": "db.on('error'"
},
{
  "_id": {
    "$oid": "656fc8d358b9d6a71f2566f0"
  },
  "": "db.once('open'"
},
{
  "_id": {
    "$oid": "656fc8d358b9d6a71f2566f1"
  },
  "": "  console.log('Conectado ao MongoDB');"
},
{
  "_id": {
    "$oid": "656fc8d358b9d6a71f2566f2"
  },
  "": "});"
},
{
  "_id": {
    "$oid": "656fc8d358b9d6a71f2566f3"
  }
},
{
  "_id": {
    "$oid": "656fc8d358b9d6a71f2566f4"
  },
  "": "app.use(bodyParser.json());"
},
{
  "_id": {
    "$oid": "656fc8d358b9d6a71f2566f5"
  }
},
{
  "_id": {
    "$oid": "656fc8d358b9d6a71f2566f6"
  },
  "": "const routes = require('./routes');"
},
{
  "_id": {
    "$oid": "656fc8d358b9d6a71f2566f7"
  }
},
{
  "_id": {
    "$oid": "656fc8d358b9d6a71f2566f8"
  },
  "": "app.use('/'"
},
{
  "_id": {
    "$oid": "656fc8d358b9d6a71f2566f9"
  }
},
{
  "_id": {
    "$oid": "656fc8d358b9d6a71f2566fa"
  },
  "": "app.listen(PORT"
},
{
  "_id": {
    "$oid": "656fc8d358b9d6a71f2566fb"
  },
  "": "  console.log(`Servidor rodando na porta ${PORT}`);"
},
{
  "_id": {
    "$oid": "656fc8d358b9d6a71f2566fc"
  },
  "": "});"
}]